// !$*UTF8*$!
{
	archiveVersion = 1;
	classes = {
	};
	objectVersion = 46;
	objects = {

/* Begin PBXBuildFile section */
		EB441C901BB3608E00549834 /* AppDelegate.swift in Sources */ = {isa = PBXBuildFile; fileRef = EB441C8F1BB3608E00549834 /* AppDelegate.swift */; };
		EB441C921BB3608E00549834 /* ViewController.swift in Sources */ = {isa = PBXBuildFile; fileRef = EB441C911BB3608E00549834 /* ViewController.swift */; };
		EB441C971BB3608E00549834 /* Assets.xcassets in Resources */ = {isa = PBXBuildFile; fileRef = EB441C961BB3608E00549834 /* Assets.xcassets */; };
		EB441C9A1BB3608E00549834 /* LaunchScreen.storyboard in Resources */ = {isa = PBXBuildFile; fileRef = EB441C981BB3608E00549834 /* LaunchScreen.storyboard */; };
		EB441CA51BB3608E00549834 /* Scanner_v2Tests.swift in Sources */ = {isa = PBXBuildFile; fileRef = EB441CA41BB3608E00549834 /* Scanner_v2Tests.swift */; };
		EB441CB01BB3608E00549834 /* Scanner_v2UITests.swift in Sources */ = {isa = PBXBuildFile; fileRef = EB441CAF1BB3608E00549834 /* Scanner_v2UITests.swift */; };
		EBAC60031BC48B7300C1EE8C /* Code39ISBNViewController.swift in Sources */ = {isa = PBXBuildFile; fileRef = EBAC60021BC48B7300C1EE8C /* Code39ISBNViewController.swift */; settings = {ASSET_TAGS = (); }; };
		EBAC60051BC4905500C1EE8C /* Main.storyboard in Resources */ = {isa = PBXBuildFile; fileRef = EBAC60041BC4905500C1EE8C /* Main.storyboard */; settings = {ASSET_TAGS = (); }; };
		EBAC66F71BBB075500149AF9 /* ConfirmViewController.swift in Sources */ = {isa = PBXBuildFile; fileRef = EBAC66F61BBB075500149AF9 /* ConfirmViewController.swift */; settings = {ASSET_TAGS = (); }; };
		EBD403351BCD7DF100A0F575 /* ScannerViewController.swift in Sources */ = {isa = PBXBuildFile; fileRef = EBD403341BCD7DF100A0F575 /* ScannerViewController.swift */; settings = {ASSET_TAGS = (); }; };
		EBD403371BCD7DFF00A0F575 /* pass.swift in Sources */ = {isa = PBXBuildFile; fileRef = EBD403361BCD7DFF00A0F575 /* pass.swift */; settings = {ASSET_TAGS = (); }; };
		EBD4034A1BCD7EEE00A0F575 /* Alamofire.framework in Frameworks */ = {isa = PBXBuildFile; fileRef = EBD403411BCD7EC500A0F575 /* Alamofire.framework */; };
		EBD4034B1BCD7EEE00A0F575 /* Alamofire.framework in Embed Frameworks */ = {isa = PBXBuildFile; fileRef = EBD403411BCD7EC500A0F575 /* Alamofire.framework */; settings = {ATTRIBUTES = (CodeSignOnCopy, RemoveHeadersOnCopy, ); }; };
/* End PBXBuildFile section */

/* Begin PBXContainerItemProxy section */
		EB441CA11BB3608E00549834 /* PBXContainerItemProxy */ = {
			isa = PBXContainerItemProxy;
			containerPortal = EB441C841BB3608E00549834 /* Project object */;
			proxyType = 1;
			remoteGlobalIDString = EB441C8B1BB3608E00549834;
			remoteInfo = Scanner_v2;
		};
		EB441CAC1BB3608E00549834 /* PBXContainerItemProxy */ = {
			isa = PBXContainerItemProxy;
			containerPortal = EB441C841BB3608E00549834 /* Project object */;
			proxyType = 1;
			remoteGlobalIDString = EB441C8B1BB3608E00549834;
			remoteInfo = Scanner_v2;
		};
		EBD403401BCD7EC500A0F575 /* PBXContainerItemProxy */ = {
			isa = PBXContainerItemProxy;
			containerPortal = EBD403381BCD7EC500A0F575 /* Alamofire.xcodeproj */;
			proxyType = 2;
			remoteGlobalIDString = F8111E3319A95C8B0040E7D1;
			remoteInfo = "Alamofire iOS";
		};
		EBD403421BCD7EC500A0F575 /* PBXContainerItemProxy */ = {
			isa = PBXContainerItemProxy;
			containerPortal = EBD403381BCD7EC500A0F575 /* Alamofire.xcodeproj */;
			proxyType = 2;
			remoteGlobalIDString = 4DD67C0B1A5C55C900ED2280;
			remoteInfo = "Alamofire OSX";
		};
		EBD403441BCD7EC500A0F575 /* PBXContainerItemProxy */ = {
			isa = PBXContainerItemProxy;
			containerPortal = EBD403381BCD7EC500A0F575 /* Alamofire.xcodeproj */;
			proxyType = 2;
			remoteGlobalIDString = E4202FE01B667AA100C997FB;
			remoteInfo = "Alamofire watchOS";
		};
		EBD403461BCD7EC500A0F575 /* PBXContainerItemProxy */ = {
			isa = PBXContainerItemProxy;
			containerPortal = EBD403381BCD7EC500A0F575 /* Alamofire.xcodeproj */;
			proxyType = 2;
			remoteGlobalIDString = F8111E3E19A95C8B0040E7D1;
			remoteInfo = "Alamofire iOS Tests";
		};
		EBD403481BCD7EC500A0F575 /* PBXContainerItemProxy */ = {
			isa = PBXContainerItemProxy;
			containerPortal = EBD403381BCD7EC500A0F575 /* Alamofire.xcodeproj */;
			proxyType = 2;
			remoteGlobalIDString = F829C6B21A7A94F100A2CD59;
			remoteInfo = "Alamofire OSX Tests";
		};
		EBD4034C1BCD7EEE00A0F575 /* PBXContainerItemProxy */ = {
			isa = PBXContainerItemProxy;
			containerPortal = EBD403381BCD7EC500A0F575 /* Alamofire.xcodeproj */;
			proxyType = 1;
			remoteGlobalIDString = F8111E3219A95C8B0040E7D1;
			remoteInfo = "Alamofire iOS";
		};
/* End PBXContainerItemProxy section */

/* Begin PBXCopyFilesBuildPhase section */
		EBD8F2FB1BC7221C003C2EAA /* Embed Frameworks */ = {
			isa = PBXCopyFilesBuildPhase;
			buildActionMask = 2147483647;
			dstPath = "";
			dstSubfolderSpec = 10;
			files = (
				EBD4034B1BCD7EEE00A0F575 /* Alamofire.framework in Embed Frameworks */,
			);
			name = "Embed Frameworks";
			runOnlyForDeploymentPostprocessing = 0;
		};
/* End PBXCopyFilesBuildPhase section */

/* Begin PBXFileReference section */
		EB441C8C1BB3608E00549834 /* Scanner_v2.app */ = {isa = PBXFileReference; explicitFileType = wrapper.application; includeInIndex = 0; path = Scanner_v2.app; sourceTree = BUILT_PRODUCTS_DIR; };
		EB441C8F1BB3608E00549834 /* AppDelegate.swift */ = {isa = PBXFileReference; lastKnownFileType = sourcecode.swift; path = AppDelegate.swift; sourceTree = "<group>"; };
		EB441C911BB3608E00549834 /* ViewController.swift */ = {isa = PBXFileReference; lastKnownFileType = sourcecode.swift; path = ViewController.swift; sourceTree = "<group>"; };
		EB441C961BB3608E00549834 /* Assets.xcassets */ = {isa = PBXFileReference; lastKnownFileType = folder.assetcatalog; path = Assets.xcassets; sourceTree = "<group>"; };
		EB441C991BB3608E00549834 /* Base */ = {isa = PBXFileReference; lastKnownFileType = file.storyboard; name = Base; path = Base.lproj/LaunchScreen.storyboard; sourceTree = "<group>"; };
		EB441C9B1BB3608E00549834 /* Info.plist */ = {isa = PBXFileReference; lastKnownFileType = text.plist.xml; path = Info.plist; sourceTree = "<group>"; };
		EB441CA01BB3608E00549834 /* Scanner_v2Tests.xctest */ = {isa = PBXFileReference; explicitFileType = wrapper.cfbundle; includeInIndex = 0; path = Scanner_v2Tests.xctest; sourceTree = BUILT_PRODUCTS_DIR; };
		EB441CA41BB3608E00549834 /* Scanner_v2Tests.swift */ = {isa = PBXFileReference; lastKnownFileType = sourcecode.swift; path = Scanner_v2Tests.swift; sourceTree = "<group>"; };
		EB441CA61BB3608E00549834 /* Info.plist */ = {isa = PBXFileReference; lastKnownFileType = text.plist.xml; path = Info.plist; sourceTree = "<group>"; };
		EB441CAB1BB3608E00549834 /* Scanner_v2UITests.xctest */ = {isa = PBXFileReference; explicitFileType = wrapper.cfbundle; includeInIndex = 0; path = Scanner_v2UITests.xctest; sourceTree = BUILT_PRODUCTS_DIR; };
		EB441CAF1BB3608E00549834 /* Scanner_v2UITests.swift */ = {isa = PBXFileReference; lastKnownFileType = sourcecode.swift; path = Scanner_v2UITests.swift; sourceTree = "<group>"; };
		EB441CB11BB3608E00549834 /* Info.plist */ = {isa = PBXFileReference; lastKnownFileType = text.plist.xml; path = Info.plist; sourceTree = "<group>"; };
		EBAC60021BC48B7300C1EE8C /* Code39ISBNViewController.swift */ = {isa = PBXFileReference; fileEncoding = 4; lastKnownFileType = sourcecode.swift; path = Code39ISBNViewController.swift; sourceTree = "<group>"; };
		EBAC60041BC4905500C1EE8C /* Main.storyboard */ = {isa = PBXFileReference; fileEncoding = 4; lastKnownFileType = file.storyboard; path = Main.storyboard; sourceTree = "<group>"; };
		EBAC66F61BBB075500149AF9 /* ConfirmViewController.swift */ = {isa = PBXFileReference; fileEncoding = 4; lastKnownFileType = sourcecode.swift; path = ConfirmViewController.swift; sourceTree = "<group>"; };
		EBD403341BCD7DF100A0F575 /* ScannerViewController.swift */ = {isa = PBXFileReference; fileEncoding = 4; lastKnownFileType = sourcecode.swift; path = ScannerViewController.swift; sourceTree = "<group>"; };
		EBD403361BCD7DFF00A0F575 /* pass.swift */ = {isa = PBXFileReference; fileEncoding = 4; lastKnownFileType = sourcecode.swift; path = pass.swift; sourceTree = "<group>"; };
		EBD403381BCD7EC500A0F575 /* Alamofire.xcodeproj */ = {isa = PBXFileReference; lastKnownFileType = "wrapper.pb-project"; name = Alamofire.xcodeproj; path = "../../../Downloads/Alamofire-master/Alamofire.xcodeproj"; sourceTree = "<group>"; };
/* End PBXFileReference section */

/* Begin PBXFrameworksBuildPhase section */
		EB441C891BB3608E00549834 /* Frameworks */ = {
			isa = PBXFrameworksBuildPhase;
			buildActionMask = 2147483647;
			files = (
				EBD4034A1BCD7EEE00A0F575 /* Alamofire.framework in Frameworks */,
			);
			runOnlyForDeploymentPostprocessing = 0;
		};
		EB441C9D1BB3608E00549834 /* Frameworks */ = {
			isa = PBXFrameworksBuildPhase;
			buildActionMask = 2147483647;
			files = (
			);
			runOnlyForDeploymentPostprocessing = 0;
		};
		EB441CA81BB3608E00549834 /* Frameworks */ = {
			isa = PBXFrameworksBuildPhase;
			buildActionMask = 2147483647;
			files = (
			);
			runOnlyForDeploymentPostprocessing = 0;
		};
/* End PBXFrameworksBuildPhase section */

/* Begin PBXGroup section */
		EB441C831BB3608E00549834 = {
			isa = PBXGroup;
			children = (
				EBD403381BCD7EC500A0F575 /* Alamofire.xcodeproj */,
				EBD403361BCD7DFF00A0F575 /* pass.swift */,
				EB441C8E1BB3608E00549834 /* Scanner_v2 */,
				EB441CA31BB3608E00549834 /* Scanner_v2Tests */,
				EB441CAE1BB3608E00549834 /* Scanner_v2UITests */,
				EB441C8D1BB3608E00549834 /* Products */,
			);
			sourceTree = "<group>";
		};
		EB441C8D1BB3608E00549834 /* Products */ = {
			isa = PBXGroup;
			children = (
				EB441C8C1BB3608E00549834 /* Scanner_v2.app */,
				EB441CA01BB3608E00549834 /* Scanner_v2Tests.xctest */,
				EB441CAB1BB3608E00549834 /* Scanner_v2UITests.xctest */,
			);
			name = Products;
			sourceTree = "<group>";
		};
		EB441C8E1BB3608E00549834 /* Scanner_v2 */ = {
			isa = PBXGroup;
			children = (
				EB441C8F1BB3608E00549834 /* AppDelegate.swift */,
				EB441C911BB3608E00549834 /* ViewController.swift */,
				EBAC60021BC48B7300C1EE8C /* Code39ISBNViewController.swift */,
				EBAC60041BC4905500C1EE8C /* Main.storyboard */,
				EBAC66F61BBB075500149AF9 /* ConfirmViewController.swift */,
				EB441C961BB3608E00549834 /* Assets.xcassets */,
				EB441C981BB3608E00549834 /* LaunchScreen.storyboard */,
				EBD403341BCD7DF100A0F575 /* ScannerViewController.swift */,
				EB441C9B1BB3608E00549834 /* Info.plist */,
			);
			path = Scanner_v2;
			sourceTree = "<group>";
		};
		EB441CA31BB3608E00549834 /* Scanner_v2Tests */ = {
			isa = PBXGroup;
			children = (
				EB441CA41BB3608E00549834 /* Scanner_v2Tests.swift */,
				EB441CA61BB3608E00549834 /* Info.plist */,
			);
			path = Scanner_v2Tests;
			sourceTree = "<group>";
		};
		EB441CAE1BB3608E00549834 /* Scanner_v2UITests */ = {
			isa = PBXGroup;
			children = (
				EB441CAF1BB3608E00549834 /* Scanner_v2UITests.swift */,
				EB441CB11BB3608E00549834 /* Info.plist */,
			);
			path = Scanner_v2UITests;
			sourceTree = "<group>";
		};
		EBD403391BCD7EC500A0F575 /* Products */ = {
			isa = PBXGroup;
			children = (
				EBD403411BCD7EC500A0F575 /* Alamofire.framework */,
				EBD403431BCD7EC500A0F575 /* Alamofire.framework */,
				EBD403451BCD7EC500A0F575 /* Alamofire.framework */,
				EBD403471BCD7EC500A0F575 /* Alamofire iOS Tests.xctest */,
				EBD403491BCD7EC500A0F575 /* Alamofire OSX Tests.xctest */,
			);
			name = Products;
			sourceTree = "<group>";
		};
/* End PBXGroup section */

/* Begin PBXNativeTarget section */
		EB441C8B1BB3608E00549834 /* Scanner_v2 */ = {
			isa = PBXNativeTarget;
			buildConfigurationList = EB441CB41BB3608E00549834 /* Build configuration list for PBXNativeTarget "Scanner_v2" */;
			buildPhases = (
				EB441C881BB3608E00549834 /* Sources */,
				EB441C891BB3608E00549834 /* Frameworks */,
				EB441C8A1BB3608E00549834 /* Resources */,
				EBD8F2FB1BC7221C003C2EAA /* Embed Frameworks */,
			);
			buildRules = (
			);
			dependencies = (
				EBD4034D1BCD7EEE00A0F575 /* PBXTargetDependency */,
			);
			name = Scanner_v2;
			productName = Scanner_v2;
			productReference = EB441C8C1BB3608E00549834 /* Scanner_v2.app */;
			productType = "com.apple.product-type.application";
		};
		EB441C9F1BB3608E00549834 /* Scanner_v2Tests */ = {
			isa = PBXNativeTarget;
			buildConfigurationList = EB441CB71BB3608E00549834 /* Build configuration list for PBXNativeTarget "Scanner_v2Tests" */;
			buildPhases = (
				EB441C9C1BB3608E00549834 /* Sources */,
				EB441C9D1BB3608E00549834 /* Frameworks */,
				EB441C9E1BB3608E00549834 /* Resources */,
			);
			buildRules = (
			);
			dependencies = (
				EB441CA21BB3608E00549834 /* PBXTargetDependency */,
			);
			name = Scanner_v2Tests;
			productName = Scanner_v2Tests;
			productReference = EB441CA01BB3608E00549834 /* Scanner_v2Tests.xctest */;
			productType = "com.apple.product-type.bundle.unit-test";
		};
		EB441CAA1BB3608E00549834 /* Scanner_v2UITests */ = {
			isa = PBXNativeTarget;
			buildConfigurationList = EB441CBA1BB3608E00549834 /* Build configuration list for PBXNativeTarget "Scanner_v2UITests" */;
			buildPhases = (
				EB441CA71BB3608E00549834 /* Sources */,
				EB441CA81BB3608E00549834 /* Frameworks */,
				EB441CA91BB3608E00549834 /* Resources */,
			);
			buildRules = (
			);
			dependencies = (
				EB441CAD1BB3608E00549834 /* PBXTargetDependency */,
			);
			name = Scanner_v2UITests;
			productName = Scanner_v2UITests;
			productReference = EB441CAB1BB3608E00549834 /* Scanner_v2UITests.xctest */;
			productType = "com.apple.product-type.bundle.ui-testing";
		};
/* End PBXNativeTarget section */

/* Begin PBXProject section */
		EB441C841BB3608E00549834 /* Project object */ = {
			isa = PBXProject;
			attributes = {
				LastUpgradeCheck = 0700;
				ORGANIZATIONNAME = Books_For_Equality;
				TargetAttributes = {
					EB441C8B1BB3608E00549834 = {
						CreatedOnToolsVersion = 7.0;
						DevelopmentTeam = 5UUZ9LE53T;
					};
					EB441C9F1BB3608E00549834 = {
						CreatedOnToolsVersion = 7.0;
						DevelopmentTeam = 5UUZ9LE53T;
						TestTargetID = EB441C8B1BB3608E00549834;
					};
					EB441CAA1BB3608E00549834 = {
						CreatedOnToolsVersion = 7.0;
						DevelopmentTeam = 5UUZ9LE53T;
						TestTargetID = EB441C8B1BB3608E00549834;
					};
				};
			};
			buildConfigurationList = EB441C871BB3608E00549834 /* Build configuration list for PBXProject "Scanner_v2" */;
			compatibilityVersion = "Xcode 3.2";
			developmentRegion = English;
			hasScannedForEncodings = 0;
			knownRegions = (
				en,
				Base,
			);
			mainGroup = EB441C831BB3608E00549834;
			productRefGroup = EB441C8D1BB3608E00549834 /* Products */;
			projectDirPath = "";
			projectReferences = (
				{
					ProductGroup = EBD403391BCD7EC500A0F575 /* Products */;
					ProjectRef = EBD403381BCD7EC500A0F575 /* Alamofire.xcodeproj */;
				},
			);
			projectRoot = "";
			targets = (
				EB441C8B1BB3608E00549834 /* Scanner_v2 */,
				EB441C9F1BB3608E00549834 /* Scanner_v2Tests */,
				EB441CAA1BB3608E00549834 /* Scanner_v2UITests */,
			);
		};
/* End PBXProject section */

/* Begin PBXReferenceProxy section */
		EBD403411BCD7EC500A0F575 /* Alamofire.framework */ = {
			isa = PBXReferenceProxy;
			fileType = wrapper.framework;
			path = Alamofire.framework;
			remoteRef = EBD403401BCD7EC500A0F575 /* PBXContainerItemProxy */;
			sourceTree = BUILT_PRODUCTS_DIR;
		};
		EBD403431BCD7EC500A0F575 /* Alamofire.framework */ = {
			isa = PBXReferenceProxy;
			fileType = wrapper.framework;
			path = Alamofire.framework;
			remoteRef = EBD403421BCD7EC500A0F575 /* PBXContainerItemProxy */;
			sourceTree = BUILT_PRODUCTS_DIR;
		};
		EBD403451BCD7EC500A0F575 /* Alamofire.framework */ = {
			isa = PBXReferenceProxy;
			fileType = wrapper.framework;
			path = Alamofire.framework;
			remoteRef = EBD403441BCD7EC500A0F575 /* PBXContainerItemProxy */;
			sourceTree = BUILT_PRODUCTS_DIR;
		};
		EBD403471BCD7EC500A0F575 /* Alamofire iOS Tests.xctest */ = {
			isa = PBXReferenceProxy;
			fileType = wrapper.cfbundle;
			path = "Alamofire iOS Tests.xctest";
			remoteRef = EBD403461BCD7EC500A0F575 /* PBXContainerItemProxy */;
			sourceTree = BUILT_PRODUCTS_DIR;
		};
		EBD403491BCD7EC500A0F575 /* Alamofire OSX Tests.xctest */ = {
			isa = PBXReferenceProxy;
			fileType = wrapper.cfbundle;
			path = "Alamofire OSX Tests.xctest";
			remoteRef = EBD403481BCD7EC500A0F575 /* PBXContainerItemProxy */;
			sourceTree = BUILT_PRODUCTS_DIR;
		};
/* End PBXReferenceProxy section */

/* Begin PBXResourcesBuildPhase section */
		EB441C8A1BB3608E00549834 /* Resources */ = {
			isa = PBXResourcesBuildPhase;
			buildActionMask = 2147483647;
			files = (
				EBAC60051BC4905500C1EE8C /* Main.storyboard in Resources */,
				EB441C9A1BB3608E00549834 /* LaunchScreen.storyboard in Resources */,
				EB441C971BB3608E00549834 /* Assets.xcassets in Resources */,
			);
			runOnlyForDeploymentPostprocessing = 0;
		};
		EB441C9E1BB3608E00549834 /* Resources */ = {
			isa = PBXResourcesBuildPhase;
			buildActionMask = 2147483647;
			files = (
			);
			runOnlyForDeploymentPostprocessing = 0;
		};
		EB441CA91BB3608E00549834 /* Resources */ = {
			isa = PBXResourcesBuildPhase;
			buildActionMask = 2147483647;
			files = (
			);
			runOnlyForDeploymentPostprocessing = 0;
		};
/* End PBXResourcesBuildPhase section */

/* Begin PBXSourcesBuildPhase section */
		EB441C881BB3608E00549834 /* Sources */ = {
			isa = PBXSourcesBuildPhase;
			buildActionMask = 2147483647;
			files = (
				EBD403351BCD7DF100A0F575 /* ScannerViewController.swift in Sources */,
				EB441C921BB3608E00549834 /* ViewController.swift in Sources */,
				EBD403371BCD7DFF00A0F575 /* pass.swift in Sources */,
				EBAC60031BC48B7300C1EE8C /* Code39ISBNViewController.swift in Sources */,
				EB441C901BB3608E00549834 /* AppDelegate.swift in Sources */,
				EBAC66F71BBB075500149AF9 /* ConfirmViewController.swift in Sources */,
			);
			runOnlyForDeploymentPostprocessing = 0;
		};
		EB441C9C1BB3608E00549834 /* Sources */ = {
			isa = PBXSourcesBuildPhase;
			buildActionMask = 2147483647;
			files = (
				EB441CA51BB3608E00549834 /* Scanner_v2Tests.swift in Sources */,
			);
			runOnlyForDeploymentPostprocessing = 0;
		};
		EB441CA71BB3608E00549834 /* Sources */ = {
			isa = PBXSourcesBuildPhase;
			buildActionMask = 2147483647;
			files = (
				EB441CB01BB3608E00549834 /* Scanner_v2UITests.swift in Sources */,
			);
			runOnlyForDeploymentPostprocessing = 0;
		};
/* End PBXSourcesBuildPhase section */

/* Begin PBXTargetDependency section */
		EB441CA21BB3608E00549834 /* PBXTargetDependency */ = {
			isa = PBXTargetDependency;
			target = EB441C8B1BB3608E00549834 /* Scanner_v2 */;
			targetProxy = EB441CA11BB3608E00549834 /* PBXContainerItemProxy */;
		};
		EB441CAD1BB3608E00549834 /* PBXTargetDependency */ = {
			isa = PBXTargetDependency;
			target = EB441C8B1BB3608E00549834 /* Scanner_v2 */;
			targetProxy = EB441CAC1BB3608E00549834 /* PBXContainerItemProxy */;
		};
		EBD4034D1BCD7EEE00A0F575 /* PBXTargetDependency */ = {
			isa = PBXTargetDependency;
			name = "Alamofire iOS";
			targetProxy = EBD4034C1BCD7EEE00A0F575 /* PBXContainerItemProxy */;
		};
/* End PBXTargetDependency section */

/* Begin PBXVariantGroup section */
		EB441C981BB3608E00549834 /* LaunchScreen.storyboard */ = {
			isa = PBXVariantGroup;
			children = (
				EB441C991BB3608E00549834 /* Base */,
			);
			name = LaunchScreen.storyboard;
			sourceTree = "<group>";
		};
/* End PBXVariantGroup section */

/* Begin XCBuildConfiguration section */
		EB441CB21BB3608E00549834 /* Debug */ = {
			isa = XCBuildConfiguration;
			buildSettings = {
				ALWAYS_SEARCH_USER_PATHS = NO;
				CLANG_CXX_LANGUAGE_STANDARD = "gnu++0x";
				CLANG_CXX_LIBRARY = "libc++";
				CLANG_ENABLE_MODULES = YES;
				CLANG_ENABLE_OBJC_ARC = YES;
				CLANG_WARN_BOOL_CONVERSION = YES;
				CLANG_WARN_CONSTANT_CONVERSION = YES;
				CLANG_WARN_DIRECT_OBJC_ISA_USAGE = YES_ERROR;
				CLANG_WARN_EMPTY_BODY = YES;
				CLANG_WARN_ENUM_CONVERSION = YES;
				CLANG_WARN_INT_CONVERSION = YES;
				CLANG_WARN_OBJC_ROOT_CLASS = YES_ERROR;
				CLANG_WARN_UNREACHABLE_CODE = YES;
				CLANG_WARN__DUPLICATE_METHOD_MATCH = YES;
				"CODE_SIGN_IDENTITY[sdk=iphoneos*]" = "iPhone Developer";
				COPY_PHASE_STRIP = NO;
				DEBUG_INFORMATION_FORMAT = dwarf;
				ENABLE_STRICT_OBJC_MSGSEND = YES;
				ENABLE_TESTABILITY = YES;
				GCC_C_LANGUAGE_STANDARD = gnu99;
				GCC_DYNAMIC_NO_PIC = NO;
				GCC_NO_COMMON_BLOCKS = YES;
				GCC_OPTIMIZATION_LEVEL = 0;
				GCC_PREPROCESSOR_DEFINITIONS = (
					"DEBUG=1",
					"$(inherited)",
				);
				GCC_WARN_64_TO_32_BIT_CONVERSION = YES;
				GCC_WARN_ABOUT_RETURN_TYPE = YES_ERROR;
				GCC_WARN_UNDECLARED_SELECTOR = YES;
				GCC_WARN_UNINITIALIZED_AUTOS = YES_AGGRESSIVE;
				GCC_WARN_UNUSED_FUNCTION = YES;
				GCC_WARN_UNUSED_VARIABLE = YES;
				IPHONEOS_DEPLOYMENT_TARGET = 9.0;
				MTL_ENABLE_DEBUG_INFO = YES;
				ONLY_ACTIVE_ARCH = YES;
				SDKROOT = iphoneos;
				SWIFT_OPTIMIZATION_LEVEL = "-Onone";
				TARGETED_DEVICE_FAMILY = "1,2";
			};
			name = Debug;
		};
		EB441CB31BB3608E00549834 /* Release */ = {
			isa = XCBuildConfiguration;
			buildSettings = {
				ALWAYS_SEARCH_USER_PATHS = NO;
				CLANG_CXX_LANGUAGE_STANDARD = "gnu++0x";
				CLANG_CXX_LIBRARY = "libc++";
				CLANG_ENABLE_MODULES = YES;
				CLANG_ENABLE_OBJC_ARC = YES;
				CLANG_WARN_BOOL_CONVERSION = YES;
				CLANG_WARN_CONSTANT_CONVERSION = YES;
				CLANG_WARN_DIRECT_OBJC_ISA_USAGE = YES_ERROR;
				CLANG_WARN_EMPTY_BODY = YES;
				CLANG_WARN_ENUM_CONVERSION = YES;
				CLANG_WARN_INT_CONVERSION = YES;
				CLANG_WARN_OBJC_ROOT_CLASS = YES_ERROR;
				CLANG_WARN_UNREACHABLE_CODE = YES;
				CLANG_WARN__DUPLICATE_METHOD_MATCH = YES;
				"CODE_SIGN_IDENTITY[sdk=iphoneos*]" = "iPhone Developer";
				COPY_PHASE_STRIP = NO;
				DEBUG_INFORMATION_FORMAT = "dwarf-with-dsym";
				ENABLE_NS_ASSERTIONS = NO;
				ENABLE_STRICT_OBJC_MSGSEND = YES;
				GCC_C_LANGUAGE_STANDARD = gnu99;
				GCC_NO_COMMON_BLOCKS = YES;
				GCC_WARN_64_TO_32_BIT_CONVERSION = YES;
				GCC_WARN_ABOUT_RETURN_TYPE = YES_ERROR;
				GCC_WARN_UNDECLARED_SELECTOR = YES;
				GCC_WARN_UNINITIALIZED_AUTOS = YES_AGGRESSIVE;
				GCC_WARN_UNUSED_FUNCTION = YES;
				GCC_WARN_UNUSED_VARIABLE = YES;
				IPHONEOS_DEPLOYMENT_TARGET = 9.0;
				MTL_ENABLE_DEBUG_INFO = NO;
				SDKROOT = iphoneos;
				TARGETED_DEVICE_FAMILY = "1,2";
				VALIDATE_PRODUCT = YES;
			};
			name = Release;
		};
		EB441CB51BB3608E00549834 /* Debug */ = {
			isa = XCBuildConfiguration;
			buildSettings = {
				ASSETCATALOG_COMPILER_APPICON_NAME = AppIcon;
				EMBEDDED_CONTENT_CONTAINS_SWIFT = YES;
				INFOPLIST_FILE = Scanner_v2/Info.plist;
				LD_RUNPATH_SEARCH_PATHS = "$(inherited) @executable_path/Frameworks";
				PRODUCT_BUNDLE_IDENTIFIER = "Benjamin.Quinn.Scanner-v2";
				PRODUCT_NAME = "$(TARGET_NAME)";
			};
			name = Debug;
		};
		EB441CB61BB3608E00549834 /* Release */ = {
			isa = XCBuildConfiguration;
			buildSettings = {
				ASSETCATALOG_COMPILER_APPICON_NAME = AppIcon;
				EMBEDDED_CONTENT_CONTAINS_SWIFT = YES;
				INFOPLIST_FILE = Scanner_v2/Info.plist;
				LD_RUNPATH_SEARCH_PATHS = "$(inherited) @executable_path/Frameworks";
				PRODUCT_BUNDLE_IDENTIFIER = "Benjamin.Quinn.Scanner-v2";
				PRODUCT_NAME = "$(TARGET_NAME)";
			};
			name = Release;
		};
		EB441CB81BB3608E00549834 /* Debug */ = {
			isa = XCBuildConfiguration;
			buildSettings = {
				BUNDLE_LOADER = "$(TEST_HOST)";
				INFOPLIST_FILE = Scanner_v2Tests/Info.plist;
				LD_RUNPATH_SEARCH_PATHS = "$(inherited) @executable_path/Frameworks @loader_path/Frameworks";
				PRODUCT_BUNDLE_IDENTIFIER = "Benjamin.Quinn.Scanner-v2Tests";
				PRODUCT_NAME = "$(TARGET_NAME)";
				TEST_HOST = "$(BUILT_PRODUCTS_DIR)/Scanner_v2.app/Scanner_v2";
			};
			name = Debug;
		};
		EB441CB91BB3608E00549834 /* Release */ = {
			isa = XCBuildConfiguration;
			buildSettings = {
				BUNDLE_LOADER = "$(TEST_HOST)";
				INFOPLIST_FILE = Scanner_v2Tests/Info.plist;
				LD_RUNPATH_SEARCH_PATHS = "$(inherited) @executable_path/Frameworks @loader_path/Frameworks";
				PRODUCT_BUNDLE_IDENTIFIER = "Benjamin.Quinn.Scanner-v2Tests";
				PRODUCT_NAME = "$(TARGET_NAME)";
				TEST_HOST = "$(BUILT_PRODUCTS_DIR)/Scanner_v2.app/Scanner_v2";
			};
			name = Release;
		};
		EB441CBB1BB3608E00549834 /* Debug */ = {
			isa = XCBuildConfiguration;
			buildSettings = {
				INFOPLIST_FILE = Scanner_v2UITests/Info.plist;
				LD_RUNPATH_SEARCH_PATHS = "$(inherited) @executable_path/Frameworks @loader_path/Frameworks";
				PRODUCT_BUNDLE_IDENTIFIER = "Benjamin.Quinn.Scanner-v2UITests";
				PRODUCT_NAME = "$(TARGET_NAME)";
				TEST_TARGET_NAME = Scanner_v2;
				USES_XCTRUNNER = YES;
			};
			name = Debug;
		};
		EB441CBC1BB3608E00549834 /* Release */ = {
			isa = XCBuildConfiguration;
			buildSettings = {
				INFOPLIST_FILE = Scanner_v2UITests/Info.plist;
				LD_RUNPATH_SEARCH_PATHS = "$(inherited) @executable_path/Frameworks @loader_path/Frameworks";
				PRODUCT_BUNDLE_IDENTIFIER = "Benjamin.Quinn.Scanner-v2UITests";
				PRODUCT_NAME = "$(TARGET_NAME)";
				TEST_TARGET_NAME = Scanner_v2;
				USES_XCTRUNNER = YES;
			};
			name = Release;
		};
/* End XCBuildConfiguration section */

/* Begin XCConfigurationList section */
		EB441C871BB3608E00549834 /* Build configuration list for PBXProject "Scanner_v2" */ = {
			isa = XCConfigurationList;
			buildConfigurations = (
				EB441CB21BB3608E00549834 /* Debug */,
				EB441CB31BB3608E00549834 /* Release */,
			);
			defaultConfigurationIsVisible = 0;
			defaultConfigurationName = Release;
		};
		EB441CB41BB3608E00549834 /* Build configuration list for PBXNativeTarget "Scanner_v2" */ = {
			isa = XCConfigurationList;
			buildConfigurations = (
				EB441CB51BB3608E00549834 /* Debug */,
				EB441CB61BB3608E00549834 /* Release */,
			);
			defaultConfigurationIsVisible = 0;
			defaultConfigurationName = Release;
		};
		EB441CB71BB3608E00549834 /* Build configuration list for PBXNativeTarget "Scanner_v2Tests" */ = {
			isa = XCConfigurationList;
			buildConfigurations = (
				EB441CB81BB3608E00549834 /* Debug */,
				EB441CB91BB3608E00549834 /* Release */,
			);
			defaultConfigurationIsVisible = 0;
			defaultConfigurationName = Release;
		};
		EB441CBA1BB3608E00549834 /* Build configuration list for PBXNativeTarget "Scanner_v2UITests" */ = {
			isa = XCConfigurationList;
			buildConfigurations = (
				EB441CBB1BB3608E00549834 /* Debug */,
				EB441CBC1BB3608E00549834 /* Release */,
			);
			defaultConfigurationIsVisible = 0;
			defaultConfigurationName = Release;
		};
/* End XCConfigurationList section */
	};
	rootObject = EB441C841BB3608E00549834 /* Project object */;
}
